// !$*UTF8*$!
{
	archiveVersion = 1;
	classes = {
	};
	objectVersion = 45;
	objects = {

/* Begin PBXBuildFile section */
		1D3623260D0F684500981E51 /* BL2DDemoAppDelegate.m in Sources */ = {isa = PBXBuildFile; fileRef = 1D3623250D0F684500981E51 /* BL2DDemoAppDelegate.m */; };
		1D60589B0D05DD56006BFB54 /* main.m in Sources */ = {isa = PBXBuildFile; fileRef = 29B97316FDCFA39411CA2CEA /* main.m */; };
		1D60589F0D05DD5A006BFB54 /* Foundation.framework in Frameworks */ = {isa = PBXBuildFile; fileRef = 1D30AB110D05D00D00671497 /* Foundation.framework */; };
		1DF5F4E00D08C38300B7A737 /* UIKit.framework in Frameworks */ = {isa = PBXBuildFile; fileRef = 1DF5F4DF0D08C38300B7A737 /* UIKit.framework */; };
		2514C27B10084DCA00A42282 /* Shader.fsh in Resources */ = {isa = PBXBuildFile; fileRef = 2514C27910084DCA00A42282 /* Shader.fsh */; };
		2514C27C10084DCA00A42282 /* Shader.vsh in Resources */ = {isa = PBXBuildFile; fileRef = 2514C27A10084DCA00A42282 /* Shader.vsh */; };
		28AD733F0D9D9553002E5188 /* MainWindow.xib in Resources */ = {isa = PBXBuildFile; fileRef = 28AD733E0D9D9553002E5188 /* MainWindow.xib */; };
		28EC4C5911D54ECE0027AA9F /* BL2DDemoViewController.m in Sources */ = {isa = PBXBuildFile; fileRef = 28EC4C5711D54ECE0027AA9F /* BL2DDemoViewController.m */; };
		28EC4C5A11D54ECE0027AA9F /* BL2DDemoViewController.xib in Resources */ = {isa = PBXBuildFile; fileRef = 28EC4C5811D54ECE0027AA9F /* BL2DDemoViewController.xib */; };
		28FD14FE0DC6FC130079059D /* EAGLView.m in Sources */ = {isa = PBXBuildFile; fileRef = 28FD14FD0DC6FC130079059D /* EAGLView.m */; };
		28FD15000DC6FC520079059D /* OpenGLES.framework in Frameworks */ = {isa = PBXBuildFile; fileRef = 28FD14FF0DC6FC520079059D /* OpenGLES.framework */; };
		28FD15080DC6FC5B0079059D /* QuartzCore.framework in Frameworks */ = {isa = PBXBuildFile; fileRef = 28FD15070DC6FC5B0079059D /* QuartzCore.framework */; };
		5E60DFF612454BD80008595F /* graphics1.png in Resources */ = {isa = PBXBuildFile; fileRef = 5E60DFF212454BD80008595F /* graphics1.png */; };
		5E60DFF712454BD80008595F /* graphics1c.png in Resources */ = {isa = PBXBuildFile; fileRef = 5E60DFF312454BD80008595F /* graphics1c.png */; };
		5E60DFF812454BD80008595F /* graphics2.png in Resources */ = {isa = PBXBuildFile; fileRef = 5E60DFF412454BD80008595F /* graphics2.png */; };
		5E60DFF912454BD80008595F /* graphics2c.png in Resources */ = {isa = PBXBuildFile; fileRef = 5E60DFF512454BD80008595F /* graphics2c.png */; };
		5E60DFFB12454BDD0008595F /* Icon.png in Resources */ = {isa = PBXBuildFile; fileRef = 5E60DFFA12454BDD0008595F /* Icon.png */; };
		5E60E00512454C210008595F /* BL2D.m in Sources */ = {isa = PBXBuildFile; fileRef = 5E60E00012454C210008595F /* BL2D.m */; };
		5E60E00612454C210008595F /* BLGLInterface.m in Sources */ = {isa = PBXBuildFile; fileRef = 5E60E00212454C210008595F /* BLGLInterface.m */; };
		5E60E00712454C210008595F /* BLRenderBuffer.m in Sources */ = {isa = PBXBuildFile; fileRef = 5E60E00412454C210008595F /* BLRenderBuffer.m */; };
		5E60E01612454C460008595F /* LICENSE.txt in Resources */ = {isa = PBXBuildFile; fileRef = 5E60E01412454C460008595F /* LICENSE.txt */; };
		5E60E01712454C460008595F /* README.txt in Resources */ = {isa = PBXBuildFile; fileRef = 5E60E01512454C460008595F /* README.txt */; };
		5E60E03E12454CD50008595F /* CoreGraphics.framework in Frameworks */ = {isa = PBXBuildFile; fileRef = 5E60E03D12454CD50008595F /* CoreGraphics.framework */; };
/* End PBXBuildFile section */

/* Begin PBXFileReference section */
		1D30AB110D05D00D00671497 /* Foundation.framework */ = {isa = PBXFileReference; lastKnownFileType = wrapper.framework; name = Foundation.framework; path = System/Library/Frameworks/Foundation.framework; sourceTree = SDKROOT; };
		1D3623240D0F684500981E51 /* BL2DDemoAppDelegate.h */ = {isa = PBXFileReference; fileEncoding = 4; lastKnownFileType = sourcecode.c.h; path = BL2DDemoAppDelegate.h; sourceTree = "<group>"; };
		1D3623250D0F684500981E51 /* BL2DDemoAppDelegate.m */ = {isa = PBXFileReference; fileEncoding = 4; lastKnownFileType = sourcecode.c.objc; path = BL2DDemoAppDelegate.m; sourceTree = "<group>"; };
		1D6058910D05DD3D006BFB54 /* BL2DDemo.app */ = {isa = PBXFileReference; explicitFileType = wrapper.application; includeInIndex = 0; path = BL2DDemo.app; sourceTree = BUILT_PRODUCTS_DIR; };
		1DF5F4DF0D08C38300B7A737 /* UIKit.framework */ = {isa = PBXFileReference; lastKnownFileType = wrapper.framework; name = UIKit.framework; path = System/Library/Frameworks/UIKit.framework; sourceTree = SDKROOT; };
		2514C27910084DCA00A42282 /* Shader.fsh */ = {isa = PBXFileReference; fileEncoding = 4; lastKnownFileType = sourcecode.glsl; name = Shader.fsh; path = Shaders/Shader.fsh; sourceTree = "<group>"; };
		2514C27A10084DCA00A42282 /* Shader.vsh */ = {isa = PBXFileReference; fileEncoding = 4; lastKnownFileType = sourcecode.glsl; name = Shader.vsh; path = Shaders/Shader.vsh; sourceTree = "<group>"; };
		28AD733E0D9D9553002E5188 /* MainWindow.xib */ = {isa = PBXFileReference; lastKnownFileType = file.xib; path = MainWindow.xib; sourceTree = "<group>"; };
		28EC4C5611D54ECE0027AA9F /* BL2DDemoViewController.h */ = {isa = PBXFileReference; fileEncoding = 4; lastKnownFileType = sourcecode.c.h; path = BL2DDemoViewController.h; sourceTree = "<group>"; };
		28EC4C5711D54ECE0027AA9F /* BL2DDemoViewController.m */ = {isa = PBXFileReference; fileEncoding = 4; lastKnownFileType = sourcecode.c.objc; path = BL2DDemoViewController.m; sourceTree = "<group>"; };
		28EC4C5811D54ECE0027AA9F /* BL2DDemoViewController.xib */ = {isa = PBXFileReference; lastKnownFileType = file.xib; name = BL2DDemoViewController.xib; path = ../BL2DDemoViewController.xib; sourceTree = "<group>"; };
		28FD14FC0DC6FC130079059D /* EAGLView.h */ = {isa = PBXFileReference; fileEncoding = 4; lastKnownFileType = sourcecode.c.h; path = EAGLView.h; sourceTree = "<group>"; };
		28FD14FD0DC6FC130079059D /* EAGLView.m */ = {isa = PBXFileReference; fileEncoding = 4; lastKnownFileType = sourcecode.c.objc; path = EAGLView.m; sourceTree = "<group>"; };
		28FD14FF0DC6FC520079059D /* OpenGLES.framework */ = {isa = PBXFileReference; lastKnownFileType = wrapper.framework; name = OpenGLES.framework; path = System/Library/Frameworks/OpenGLES.framework; sourceTree = SDKROOT; };
		28FD15070DC6FC5B0079059D /* QuartzCore.framework */ = {isa = PBXFileReference; lastKnownFileType = wrapper.framework; name = QuartzCore.framework; path = System/Library/Frameworks/QuartzCore.framework; sourceTree = SDKROOT; };
		29B97316FDCFA39411CA2CEA /* main.m */ = {isa = PBXFileReference; fileEncoding = 4; lastKnownFileType = sourcecode.c.objc; path = main.m; sourceTree = "<group>"; };
		32CA4F630368D1EE00C91783 /* BL2DDemo_Prefix.pch */ = {isa = PBXFileReference; fileEncoding = 4; lastKnownFileType = sourcecode.c.h; path = BL2DDemo_Prefix.pch; sourceTree = "<group>"; };
		5E60DFF212454BD80008595F /* graphics1.png */ = {isa = PBXFileReference; lastKnownFileType = image.png; name = graphics1.png; path = ../../Graphics/graphics1.png; sourceTree = BUILT_PRODUCTS_DIR; };
		5E60DFF312454BD80008595F /* graphics1c.png */ = {isa = PBXFileReference; lastKnownFileType = image.png; name = graphics1c.png; path = ../../Graphics/graphics1c.png; sourceTree = BUILT_PRODUCTS_DIR; };
		5E60DFF412454BD80008595F /* graphics2.png */ = {isa = PBXFileReference; lastKnownFileType = image.png; name = graphics2.png; path = ../../Graphics/graphics2.png; sourceTree = BUILT_PRODUCTS_DIR; };
		5E60DFF512454BD80008595F /* graphics2c.png */ = {isa = PBXFileReference; lastKnownFileType = image.png; name = graphics2c.png; path = ../../Graphics/graphics2c.png; sourceTree = BUILT_PRODUCTS_DIR; };
		5E60DFFA12454BDD0008595F /* Icon.png */ = {isa = PBXFileReference; lastKnownFileType = image.png; name = Icon.png; path = ../../Icon.png; sourceTree = BUILT_PRODUCTS_DIR; };
		5E60DFFF12454C210008595F /* BL2D.h */ = {isa = PBXFileReference; fileEncoding = 4; lastKnownFileType = sourcecode.c.h; name = BL2D.h; path = ../../../BL2DClasses/BL2D.h; sourceTree = BUILT_PRODUCTS_DIR; };
		5E60E00012454C210008595F /* BL2D.m */ = {isa = PBXFileReference; fileEncoding = 4; lastKnownFileType = sourcecode.c.objc; name = BL2D.m; path = ../../../BL2DClasses/BL2D.m; sourceTree = BUILT_PRODUCTS_DIR; };
		5E60E00112454C210008595F /* BLGLInterface.h */ = {isa = PBXFileReference; fileEncoding = 4; lastKnownFileType = sourcecode.c.h; name = BLGLInterface.h; path = ../../../BL2DClasses/BLGLInterface.h; sourceTree = BUILT_PRODUCTS_DIR; };
		5E60E00212454C210008595F /* BLGLInterface.m */ = {isa = PBXFileReference; fileEncoding = 4; lastKnownFileType = sourcecode.c.objc; name = BLGLInterface.m; path = ../../../BL2DClasses/BLGLInterface.m; sourceTree = BUILT_PRODUCTS_DIR; };
		5E60E00312454C210008595F /* BLRenderBuffer.h */ = {isa = PBXFileReference; fileEncoding = 4; lastKnownFileType = sourcecode.c.h; name = BLRenderBuffer.h; path = ../../../BL2DClasses/BLRenderBuffer.h; sourceTree = BUILT_PRODUCTS_DIR; };
		5E60E00412454C210008595F /* BLRenderBuffer.m */ = {isa = PBXFileReference; fileEncoding = 4; lastKnownFileType = sourcecode.c.objc; name = BLRenderBuffer.m; path = ../../../BL2DClasses/BLRenderBuffer.m; sourceTree = BUILT_PRODUCTS_DIR; };
		5E60E01412454C460008595F /* LICENSE.txt */ = {isa = PBXFileReference; fileEncoding = 4; lastKnownFileType = text; name = LICENSE.txt; path = ../../../LICENSE.txt; sourceTree = BUILT_PRODUCTS_DIR; };
		5E60E01512454C460008595F /* README.txt */ = {isa = PBXFileReference; fileEncoding = 4; lastKnownFileType = text; name = README.txt; path = ../../../README.txt; sourceTree = BUILT_PRODUCTS_DIR; };
		5E60E03D12454CD50008595F /* CoreGraphics.framework */ = {isa = PBXFileReference; lastKnownFileType = wrapper.framework; name = CoreGraphics.framework; path = ../../../../../../../../Developer/Platforms/iPhoneOS.platform/Developer/SDKs/iPhoneOS4.1.sdk/System/Library/Frameworks/CoreGraphics.framework; sourceTree = BUILT_PRODUCTS_DIR; };
		8D1107310486CEB800E47090 /* BL2DDemo-Info.plist */ = {isa = PBXFileReference; fileEncoding = 4; lastKnownFileType = text.plist.xml; path = "BL2DDemo-Info.plist"; plistStructureDefinitionIdentifier = "com.apple.xcode.plist.structure-definition.iphone.info-plist"; sourceTree = "<group>"; };
/* End PBXFileReference section */

/* Begin PBXFrameworksBuildPhase section */
		1D60588F0D05DD3D006BFB54 /* Frameworks */ = {
			isa = PBXFrameworksBuildPhase;
			buildActionMask = 2147483647;
			files = (
				1D60589F0D05DD5A006BFB54 /* Foundation.framework in Frameworks */,
				1DF5F4E00D08C38300B7A737 /* UIKit.framework in Frameworks */,
				28FD15000DC6FC520079059D /* OpenGLES.framework in Frameworks */,
				28FD15080DC6FC5B0079059D /* QuartzCore.framework in Frameworks */,
				5E60E03E12454CD50008595F /* CoreGraphics.framework in Frameworks */,
			);
			runOnlyForDeploymentPostprocessing = 0;
		};
/* End PBXFrameworksBuildPhase section */

/* Begin PBXGroup section */
		080E96DDFE201D6D7F000001 /* Classes */ = {
			isa = PBXGroup;
			children = (
				28FD14FC0DC6FC130079059D /* EAGLView.h */,
				28FD14FD0DC6FC130079059D /* EAGLView.m */,
				1D3623240D0F684500981E51 /* BL2DDemoAppDelegate.h */,
				1D3623250D0F684500981E51 /* BL2DDemoAppDelegate.m */,
				28EC4C5611D54ECE0027AA9F /* BL2DDemoViewController.h */,
				28EC4C5711D54ECE0027AA9F /* BL2DDemoViewController.m */,
				28EC4C5811D54ECE0027AA9F /* BL2DDemoViewController.xib */,
			);
			path = Classes;
			sourceTree = "<group>";
		};
		19C28FACFE9D520D11CA2CBB /* Products */ = {
			isa = PBXGroup;
			children = (
				1D6058910D05DD3D006BFB54 /* BL2DDemo.app */,
			);
			name = Products;
			sourceTree = "<group>";
		};
		2514C27610084DB600A42282 /* Shaders */ = {
			isa = PBXGroup;
			children = (
				2514C27910084DCA00A42282 /* Shader.fsh */,
				2514C27A10084DCA00A42282 /* Shader.vsh */,
			);
			name = Shaders;
			sourceTree = "<group>";
		};
		29B97314FDCFA39411CA2CEA /* CustomTemplate */ = {
			isa = PBXGroup;
			children = (
				5E60E01412454C460008595F /* LICENSE.txt */,
				5E60E01512454C460008595F /* README.txt */,
				5E60DFFE12454C210008595F /* BL2DClasses */,
				080E96DDFE201D6D7F000001 /* Classes */,
				2514C27610084DB600A42282 /* Shaders */,
				29B97315FDCFA39411CA2CEA /* Other Sources */,
				29B97317FDCFA39411CA2CEA /* Resources */,
				29B97323FDCFA39411CA2CEA /* Frameworks */,
				19C28FACFE9D520D11CA2CBB /* Products */,
			);
			name = CustomTemplate;
			sourceTree = "<group>";
		};
		29B97315FDCFA39411CA2CEA /* Other Sources */ = {
			isa = PBXGroup;
			children = (
				32CA4F630368D1EE00C91783 /* BL2DDemo_Prefix.pch */,
				29B97316FDCFA39411CA2CEA /* main.m */,
			);
			name = "Other Sources";
			sourceTree = "<group>";
		};
		29B97317FDCFA39411CA2CEA /* Resources */ = {
			isa = PBXGroup;
			children = (
				5E60DFFA12454BDD0008595F /* Icon.png */,
				5E60DFF112454BD80008595F /* Graphics */,
				28AD733E0D9D9553002E5188 /* MainWindow.xib */,
				8D1107310486CEB800E47090 /* BL2DDemo-Info.plist */,
			);
			name = Resources;
			sourceTree = "<group>";
		};
		29B97323FDCFA39411CA2CEA /* Frameworks */ = {
			isa = PBXGroup;
			children = (
				5E60E03D12454CD50008595F /* CoreGraphics.framework */,
				28FD15070DC6FC5B0079059D /* QuartzCore.framework */,
				28FD14FF0DC6FC520079059D /* OpenGLES.framework */,
				1DF5F4DF0D08C38300B7A737 /* UIKit.framework */,
				1D30AB110D05D00D00671497 /* Foundation.framework */,
			);
			name = Frameworks;
			sourceTree = "<group>";
		};
		5E60DFF112454BD80008595F /* Graphics */ = {
			isa = PBXGroup;
			children = (
				5E60DFF212454BD80008595F /* graphics1.png */,
				5E60DFF312454BD80008595F /* graphics1c.png */,
				5E60DFF412454BD80008595F /* graphics2.png */,
				5E60DFF512454BD80008595F /* graphics2c.png */,
			);
			name = Graphics;
			path = ../../Graphics;
			sourceTree = BUILT_PRODUCTS_DIR;
		};
		5E60DFFE12454C210008595F /* BL2DClasses */ = {
			isa = PBXGroup;
			children = (
				5E60DFFF12454C210008595F /* BL2D.h */,
				5E60E00012454C210008595F /* BL2D.m */,
				5E60E00112454C210008595F /* BLGLInterface.h */,
				5E60E00212454C210008595F /* BLGLInterface.m */,
				5E60E00312454C210008595F /* BLRenderBuffer.h */,
				5E60E00412454C210008595F /* BLRenderBuffer.m */,
			);
			name = BL2DClasses;
			path = ../../../BL2DClasses;
			sourceTree = BUILT_PRODUCTS_DIR;
		};
/* End PBXGroup section */

/* Begin PBXNativeTarget section */
		1D6058900D05DD3D006BFB54 /* BL2DDemo */ = {
			isa = PBXNativeTarget;
			buildConfigurationList = 1D6058960D05DD3E006BFB54 /* Build configuration list for PBXNativeTarget "BL2DDemo" */;
			buildPhases = (
				1D60588D0D05DD3D006BFB54 /* Resources */,
				1D60588E0D05DD3D006BFB54 /* Sources */,
				1D60588F0D05DD3D006BFB54 /* Frameworks */,
			);
			buildRules = (
			);
			dependencies = (
			);
			name = BL2DDemo;
			productName = BL2DDemo;
			productReference = 1D6058910D05DD3D006BFB54 /* BL2DDemo.app */;
			productType = "com.apple.product-type.application";
		};
/* End PBXNativeTarget section */

/* Begin PBXProject section */
		29B97313FDCFA39411CA2CEA /* Project object */ = {
			isa = PBXProject;
			buildConfigurationList = C01FCF4E08A954540054247B /* Build configuration list for PBXProject "BL2DDemo" */;
			compatibilityVersion = "Xcode 3.1";
			developmentRegion = English;
			hasScannedForEncodings = 1;
			knownRegions = (
				English,
				Japanese,
				French,
				German,
			);
			mainGroup = 29B97314FDCFA39411CA2CEA /* CustomTemplate */;
			projectDirPath = "";
			projectRoot = "";
			targets = (
				1D6058900D05DD3D006BFB54 /* BL2DDemo */,
			);
		};
/* End PBXProject section */

/* Begin PBXResourcesBuildPhase section */
		1D60588D0D05DD3D006BFB54 /* Resources */ = {
			isa = PBXResourcesBuildPhase;
			buildActionMask = 2147483647;
			files = (
				2514C27B10084DCA00A42282 /* Shader.fsh in Resources */,
				2514C27C10084DCA00A42282 /* Shader.vsh in Resources */,
				28AD733F0D9D9553002E5188 /* MainWindow.xib in Resources */,
				28EC4C5A11D54ECE0027AA9F /* BL2DDemoViewController.xib in Resources */,
				5E60DFF612454BD80008595F /* graphics1.png in Resources */,
				5E60DFF712454BD80008595F /* graphics1c.png in Resources */,
				5E60DFF812454BD80008595F /* graphics2.png in Resources */,
				5E60DFF912454BD80008595F /* graphics2c.png in Resources */,
				5E60DFFB12454BDD0008595F /* Icon.png in Resources */,
				5E60E01612454C460008595F /* LICENSE.txt in Resources */,
				5E60E01712454C460008595F /* README.txt in Resources */,
			);
			runOnlyForDeploymentPostprocessing = 0;
		};
/* End PBXResourcesBuildPhase section */

/* Begin PBXSourcesBuildPhase section */
		1D60588E0D05DD3D006BFB54 /* Sources */ = {
			isa = PBXSourcesBuildPhase;
			buildActionMask = 2147483647;
			files = (
				1D60589B0D05DD56006BFB54 /* main.m in Sources */,
				1D3623260D0F684500981E51 /* BL2DDemoAppDelegate.m in Sources */,
				28FD14FE0DC6FC130079059D /* EAGLView.m in Sources */,
				28EC4C5911D54ECE0027AA9F /* BL2DDemoViewController.m in Sources */,
				5E60E00512454C210008595F /* BL2D.m in Sources */,
				5E60E00612454C210008595F /* BLGLInterface.m in Sources */,
				5E60E00712454C210008595F /* BLRenderBuffer.m in Sources */,
			);
			runOnlyForDeploymentPostprocessing = 0;
		};
/* End PBXSourcesBuildPhase section */

/* Begin XCBuildConfiguration section */
		1D6058940D05DD3E006BFB54 /* Debug */ = {
			isa = XCBuildConfiguration;
			buildSettings = {
				ALWAYS_SEARCH_USER_PATHS = NO;
				COPY_PHASE_STRIP = NO;
				GCC_DYNAMIC_NO_PIC = NO;
				GCC_OPTIMIZATION_LEVEL = 0;
				GCC_PRECOMPILE_PREFIX_HEADER = YES;
				GCC_PREFIX_HEADER = BL2DDemo_Prefix.pch;
				"GCC_THUMB_SUPPORT[arch=armv6]" = "";
				INFOPLIST_FILE = "BL2DDemo-Info.plist";
				PRODUCT_NAME = BL2DDemo;
			};
			name = Debug;
		};
		1D6058950D05DD3E006BFB54 /* Release */ = {
			isa = XCBuildConfiguration;
			buildSettings = {
				ALWAYS_SEARCH_USER_PATHS = NO;
				COPY_PHASE_STRIP = YES;
				GCC_PRECOMPILE_PREFIX_HEADER = YES;
				GCC_PREFIX_HEADER = BL2DDemo_Prefix.pch;
				"GCC_THUMB_SUPPORT[arch=armv6]" = "";
				INFOPLIST_FILE = "BL2DDemo-Info.plist";
				PRODUCT_NAME = BL2DDemo;
				VALIDATE_PRODUCT = YES;
			};
			name = Release;
		};
		C01FCF4F08A954540054247B /* Debug */ = {
			isa = XCBuildConfiguration;
			buildSettings = {
				ARCHS = "$(ARCHS_STANDARD_32_BIT)";
				"CODE_SIGN_IDENTITY[sdk=iphoneos*]" = "iPhone Developer";
				GCC_C_LANGUAGE_STANDARD = c99;
				GCC_PREPROCESSOR_DEFINITIONS = DEBUG;
				GCC_WARN_ABOUT_RETURN_TYPE = YES;
				GCC_WARN_UNUSED_VARIABLE = YES;
				IPHONEOS_DEPLOYMENT_TARGET = 3.0;
				PREBINDING = NO;
				SDKROOT = iphoneos4.1;
			};
			name = Debug;
		};
		C01FCF5008A954540054247B /* Release */ = {
			isa = XCBuildConfiguration;
			buildSettings = {
				ARCHS = "$(ARCHS_STANDARD_32_BIT)";
				"CODE_SIGN_IDENTITY[sdk=iphoneos*]" = "iPhone Developer";
				GCC_C_LANGUAGE_STANDARD = c99;
				GCC_WARN_ABOUT_RETURN_TYPE = YES;
				GCC_WARN_UNUSED_VARIABLE = YES;
				IPHONEOS_DEPLOYMENT_TARGET = 3.0;
				OTHER_CFLAGS = "-DNS_BLOCK_ASSERTIONS=1";
				PREBINDING = NO;
				SDKROOT = iphoneos4.1;
			};
			name = Release;
		};
/* End XCBuildConfiguration section */

/* Begin XCConfigurationList section */
		1D6058960D05DD3E006BFB54 /* Build configuration list for PBXNativeTarget "BL2DDemo" */ = {
			isa = XCConfigurationList;
			buildConfigurations = (
				1D6058940D05DD3E006BFB54 /* Debug */,
				1D6058950D05DD3E006BFB54 /* Release */,
			);
			defaultConfigurationIsVisible = 0;
			defaultConfigurationName = Release;
		};
		C01FCF4E08A954540054247B /* Build configuration list for PBXProject "BL2DDemo" */ = {
			isa = XCConfigurationList;
			buildConfigurations = (
				C01FCF4F08A954540054247B /* Debug */,
				C01FCF5008A954540054247B /* Release */,
			);
			defaultConfigurationIsVisible = 0;
			defaultConfigurationName = Release;
		};
/* End XCConfigurationList section */
	};
	rootObject = 29B97313FDCFA39411CA2CEA /* Project object */;
}
